{
  "nodes": {
    "bscpkgs": {
      "inputs": {
        "nixpkgs": "nixpkgs"
      },
      "locked": {
        "lastModified": 1741357271,
        "narHash": "sha256-tmCTFMtk+JGUMtZCND9wwIoqxt5ASpEaWkWM5EjLAFI=",
        "ref": "refs/heads/master",
        "rev": "f962816eabd534eafe948499322589921f230e72",
        "revCount": 958,
        "type": "git",
        "url": "https://git.sr.ht/~rodarima/bscpkgs"
      },
      "original": {
        "type": "git",
        "url": "https://git.sr.ht/~rodarima/bscpkgs"
      }
    },
    "nixpkgs": {
      "locked": {
        "lastModified": 1736867362,
        "narHash": "sha256-i/UJ5I7HoqmFMwZEH6vAvBxOrjjOJNU739lnZnhUln8=",
        "path": "/nix/store/2csx2kkb2hxyxhhmg2xs9jfyypikwwk6-source",
        "rev": "9c6b49aeac36e2ed73a8c472f1546f6d9cf1addc",
        "type": "path"
      },
      "original": {
        "id": "nixpkgs",
        "type": "indirect"
      }
    },
    "root": {
      "inputs": {
        "bscpkgs": "bscpkgs"
      }
    }
  },
  "root": "root",
  "version": 7
}
