{
  "nodes": {
    "bscpkgs": {
      "inputs": {
        "nixpkgs": "nixpkgs"
      },
      "locked": {
        "lastModified": 1732868163,
        "narHash": "sha256-qck4h298AgcNI6BnGhEwl26MTLXjumuJVr+9kak7uPo=",
        "ref": "refs/heads/master",
        "rev": "6782fc6c5b5a29e84a7f2c2d1064f4bcb1288c0f",
        "revCount": 952,
        "type": "git",
        "url": "https://git.sr.ht/~rodarima/bscpkgs"
      },
      "original": {
        "type": "git",
        "url": "https://git.sr.ht/~rodarima/bscpkgs"
      }
    },
    "nixpkgs": {
      "locked": {
        "lastModified": 1700390070,
        "narHash": "sha256-de9KYi8rSJpqvBfNwscWdalIJXPo8NjdIZcEJum1mH0=",
        "path": "/nix/store/z7y28qzhk7driiwcw78k0mb24laknm0f-source",
        "rev": "e4ad989506ec7d71f7302cc3067abd82730a4beb",
        "type": "path"
      },
      "original": {
        "id": "nixpkgs",
        "type": "indirect"
      }
    },
    "root": {
      "inputs": {
        "bscpkgs": "bscpkgs"
      }
    }
  },
  "root": "root",
  "version": 7
}
